{
  "name": "service",
  "version": "1.0.0",
  "lockfileVersion": 1,
  "requires": true,
  "dependencies": {
    "@angular/common": {
      "version": "9.1.7",
      "resolved": "https://registry.npmjs.org/@angular/common/-/common-9.1.7.tgz",
      "integrity": "sha512-04ef+J8bnOnjYbdRsm82IdIaaLFZ6QWh4SLtjnYhgCjEe4Stf59g+zRNPMauMFDQYDCp3foPo0djk1CPfEd8AQ=="
    },
    "@angular/core": {
      "version": "9.1.7",
      "resolved": "https://registry.npmjs.org/@angular/core/-/core-9.1.7.tgz",
      "integrity": "sha512-uJSZ+rdGL47gc3A+Fal1XwJYB4WWpYJrNifvoQ2nOs+X5Qu+j0HN6GXPJb4kixoNzjYCGxmLoirdT3xhNZFcfQ=="
    }
  }
}
